{
  "name": "tracker",
  "version": "1.0.0",
  "lockfileVersion": 1,
  "requires": true,
  "dependencies": {
    "@fortawesome/fontawesome-free": {
      "version": "5.5.0",
      "resolved": "https://registry.npmjs.org/@fortawesome/fontawesome-free/-/fontawesome-free-5.5.0.tgz",
      "integrity": "sha1-DGxTgj0ERXrmac0ZVnuKIdu0/P0="
    },
    "arc": {
      "version": "git+https://github.com/springmeyer/arc.js.git#b005df058b010d1c7aaf3aa451516d41294dac0e",
      "from": "git+https://github.com/springmeyer/arc.js.git#b005df058b010d1c7aaf3aa451516d41294dac0e"
    },
    "bootstrap": {
      "version": "4.4.1",
      "resolved": "https://registry.npmjs.org/bootstrap/-/bootstrap-4.4.1.tgz",
      "integrity": "sha512-tbx5cHubwE6e2ZG7nqM3g/FZ5PQEDMWmMGNrCUBVRPHXTJaH7CBDdsLeu3eCh3B1tzAxTnAbtmrzvWEvT2NNEA=="
    },
    "ieee754": {
      "version": "1.1.12",
      "resolved": "https://registry.npmjs.org/ieee754/-/ieee754-1.1.12.tgz",
      "integrity": "sha1-UL8k5bnIu5ivSWTJQc2wkY2ntgs="
    },
    "jquery": {
      "version": "3.5.1",
      "resolved": "https://registry.npmjs.org/jquery/-/jquery-3.5.1.tgz",
      "integrity": "sha512-XwIBPqcMn57FxfT+Go5pzySnm4KWkT1Tv7gjrpT1srtf8Weynl6R273VJ5GjkRb51IzMp5nbaPjJXMWeju2MKg=="
    },
    "js-cookie": {
      "version": "2.2.0",
      "resolved": "https://registry.npmjs.org/js-cookie/-/js-cookie-2.2.0.tgz",
      "integrity": "sha1-Gywnmm7s44ChIWi5JIUmWzWx7/s="
    },
    "leaflet": {
      "version": "1.3.4",
      "resolved": "https://registry.npmjs.org/leaflet/-/leaflet-1.3.4.tgz",
      "integrity": "sha1-fwBupYMmA7U9cmnvXFlf13MGCkA="
    },
    "leaflet-arc": {
      "version": "1.0.2",
      "resolved": "https://registry.npmjs.org/leaflet-arc/-/leaflet-arc-1.0.2.tgz",
      "integrity": "sha1-seK9t7xMOCBx/Vv/uimXk9Jj9Sc=",
      "requires": {
        "arc": "git+https://github.com/springmeyer/arc.js.git#b005df058b010d1c7aaf3aa451516d41294dac0e"
      }
    },
    "leaflet-rotatedmarker": {
      "version": "0.2.0",
      "resolved": "https://registry.npmjs.org/leaflet-rotatedmarker/-/leaflet-rotatedmarker-0.2.0.tgz",
      "integrity": "sha1-RGf0n5jRv9VpWb2cZwUgPdJgEnc="
    },
    "ol": {
      "version": "5.3.0",
      "resolved": "https://registry.npmjs.org/ol/-/ol-5.3.0.tgz",
      "integrity": "sha1-EGuHBWH6u5t5C1hps9kwJcsD04k=",
      "requires": {
        "pbf": "3.1.0",
        "pixelworks": "1.1.0",
        "rbush": "2.0.2"
      }
    },
    "pbf": {
      "version": "3.1.0",
      "resolved": "https://registry.npmjs.org/pbf/-/pbf-3.1.0.tgz",
      "integrity": "sha1-9wAEutyygXYeq7HnbJLxefCBiek=",
      "requires": {
        "ieee754": "^1.1.6",
        "resolve-protobuf-schema": "^2.0.0"
      }
    },
    "pixelworks": {
      "version": "1.1.0",
      "resolved": "https://registry.npmjs.org/pixelworks/-/pixelworks-1.1.0.tgz",
      "integrity": "sha1-Hwla1I3Ki/ihyCWOAJIDGkTyLKU="
    },
    "popper.js": {
      "version": "1.14.4",
      "resolved": "https://registry.npmjs.org/popper.js/-/popper.js-1.14.4.tgz",
      "integrity": "sha1-juwdj/AqWjoVLdQ0FKFce3n9abY="
    },
    "protocol-buffers-schema": {
      "version": "3.3.2",
      "resolved": "https://registry.npmjs.org/protocol-buffers-schema/-/protocol-buffers-schema-3.3.2.tgz",
      "integrity": "sha1-AENPYItOjfVMWeBw7+78N/tLuFk="
    },
    "quickselect": {
      "version": "1.1.1",
      "resolved": "https://registry.npmjs.org/quickselect/-/quickselect-1.1.1.tgz",
      "integrity": "sha1-hS5BLOQY8jetW2YNcM/6xkeulMI="
    },
    "rbush": {
      "version": "2.0.2",
      "resolved": "https://registry.npmjs.org/rbush/-/rbush-2.0.2.tgz",
      "integrity": "sha1-u2AFwnMbe6HVqaA1dykn0WphRgU=",
      "requires": {
        "quickselect": "^1.0.1"
      }
    },
    "resolve-protobuf-schema": {
      "version": "2.1.0",
      "resolved": "https://registry.npmjs.org/resolve-protobuf-schema/-/resolve-protobuf-schema-2.1.0.tgz",
      "integrity": "sha1-nKmp5pzxkrva8QBuwZc5SKpKN1g=",
      "requires": {
        "protocol-buffers-schema": "^3.3.1"
      }
    },
    "sidebar-v2": {
      "version": "git://github.com/turbo87/sidebar-v2.git#b906dd6885218a0b86fcecb4453e8a48dbe3cbf2",
      "from": "turbo87/sidebar-v2"
    },
    "timer.js": {
      "version": "1.0.4",
      "resolved": "https://registry.npmjs.org/timer.js/-/timer.js-1.0.4.tgz",
      "integrity": "sha1-GNctxczMQKTrOTaUsvSN4qKgKBk="
    }
  }
}
